
Microsoft Visual Studio Solution File, Format Version 12.00
# Visual Studio Version 17
VisualStudioVersion = 17.14.36429.23 d17.14
MinimumVisualStudioVersion = 10.0.40219.1
Project("{8BC9CEB8-8B4A-11D0-8D11-00A0C91BC942}") = "lab1.6", "lab1.6\lab1.6.vcxproj", "{ED5397D4-1E29-4D78-B8F9-B81B0C0CD8AB}"
EndProject
Project("{8BC9CEB8-8B4A-11D0-8D11-00A0C91BC942}") = "UnitTest1", "UnitTest1\UnitTest1.vcxproj", "{5768658D-5753-57BE-9F55-89088097DC31}"
EndProject
Global
	GlobalSection(SolutionConfigurationPlatforms) = preSolution
		Debug|ARM64 = Debug|ARM64
		Debug|x64 = Debug|x64
		Debug|x86 = Debug|x86
		Release|ARM64 = Release|ARM64
		Release|x64 = Release|x64
		Release|x86 = Release|x86
	EndGlobalSection
	GlobalSection(ProjectConfigurationPlatforms) = postSolution
		{ED5397D4-1E29-4D78-B8F9-B81B0C0CD8AB}.Debug|ARM64.ActiveCfg = Debug|ARM64
		{ED5397D4-1E29-4D78-B8F9-B81B0C0CD8AB}.Debug|ARM64.Build.0 = Debug|ARM64
		{ED5397D4-1E29-4D78-B8F9-B81B0C0CD8AB}.Debug|x64.ActiveCfg = Debug|x64
		{ED5397D4-1E29-4D78-B8F9-B81B0C0CD8AB}.Debug|x64.Build.0 = Debug|x64
		{ED5397D4-1E29-4D78-B8F9-B81B0C0CD8AB}.Debug|x86.ActiveCfg = Debug|Win32
		{ED5397D4-1E29-4D78-B8F9-B81B0C0CD8AB}.Debug|x86.Build.0 = Debug|Win32
		{ED5397D4-1E29-4D78-B8F9-B81B0C0CD8AB}.Release|ARM64.ActiveCfg = Release|ARM64
		{ED5397D4-1E29-4D78-B8F9-B81B0C0CD8AB}.Release|ARM64.Build.0 = Release|ARM64
		{ED5397D4-1E29-4D78-B8F9-B81B0C0CD8AB}.Release|x64.ActiveCfg = Release|x64
		{ED5397D4-1E29-4D78-B8F9-B81B0C0CD8AB}.Release|x64.Build.0 = Release|x64
		{ED5397D4-1E29-4D78-B8F9-B81B0C0CD8AB}.Release|x86.ActiveCfg = Release|Win32
		{ED5397D4-1E29-4D78-B8F9-B81B0C0CD8AB}.Release|x86.Build.0 = Release|Win32
		{5768658D-5753-57BE-9F55-89088097DC31}.Debug|ARM64.ActiveCfg = Debug|ARM64
		{5768658D-5753-57BE-9F55-89088097DC31}.Debug|ARM64.Build.0 = Debug|ARM64
		{5768658D-5753-57BE-9F55-89088097DC31}.Debug|x64.ActiveCfg = Debug|x64
		{5768658D-5753-57BE-9F55-89088097DC31}.Debug|x64.Build.0 = Debug|x64
		{5768658D-5753-57BE-9F55-89088097DC31}.Debug|x86.ActiveCfg = Debug|Win32
		{5768658D-5753-57BE-9F55-89088097DC31}.Debug|x86.Build.0 = Debug|Win32
		{5768658D-5753-57BE-9F55-89088097DC31}.Release|ARM64.ActiveCfg = Release|ARM64
		{5768658D-5753-57BE-9F55-89088097DC31}.Release|ARM64.Build.0 = Release|ARM64
		{5768658D-5753-57BE-9F55-89088097DC31}.Release|x64.ActiveCfg = Release|x64
		{5768658D-5753-57BE-9F55-89088097DC31}.Release|x64.Build.0 = Release|x64
		{5768658D-5753-57BE-9F55-89088097DC31}.Release|x86.ActiveCfg = Release|Win32
		{5768658D-5753-57BE-9F55-89088097DC31}.Release|x86.Build.0 = Release|Win32
	EndGlobalSection
	GlobalSection(SolutionProperties) = preSolution
		HideSolutionNode = FALSE
	EndGlobalSection
	GlobalSection(ExtensibilityGlobals) = postSolution
		SolutionGuid = {C693B5C4-3F0F-469B-B7C6-A8E68A1048B9}
	EndGlobalSection
EndGlobal
